
Microsoft Visual Studio Solution File, Format Version 12.00
# Visual Studio 15
VisualStudioVersion = 15.0.28307.1209
MinimumVisualStudioVersion = 10.0.40219.1
Project("{9A19103F-16F7-4668-BE54-9A1E7A4F7556}") = "DataDiskKnowledgeIndicator", "DataDiskKnowledgeIndicator.csproj", "{D6B39961-BB91-4D11-B6E8-8F0CFBC95A36}"
EndProject
Global
	GlobalSection(SolutionConfigurationPlatforms) = preSolution
		Debug|Any CPU = Debug|Any CPU
		Release|Any CPU = Release|Any CPU
	EndGlobalSection
	GlobalSection(ProjectConfigurationPlatforms) = postSolution
		{D6B39961-BB91-4D11-B6E8-8F0CFBC95A36}.Debug|Any CPU.ActiveCfg = Debug|Any CPU
		{D6B39961-BB91-4D11-B6E8-8F0CFBC95A36}.Debug|Any CPU.Build.0 = Debug|Any CPU
		{D6B39961-BB91-4D11-B6E8-8F0CFBC95A36}.Release|Any CPU.ActiveCfg = Release|Any CPU
		{D6B39961-BB91-4D11-B6E8-8F0CFBC95A36}.Release|Any CPU.Build.0 = Release|Any CPU
	EndGlobalSection
	GlobalSection(SolutionProperties) = preSolution
		HideSolutionNode = FALSE
	EndGlobalSection
	GlobalSection(ExtensibilityGlobals) = postSolution
		SolutionGuid = {B0C027AF-A34B-4FB3-9BC1-7A12D7A3F28F}
	EndGlobalSection
EndGlobal
